
Microsoft Visual Studio Solution File, Format Version 12.00
# Visual Studio Version 17
VisualStudioVersion = 17.13.35931.197 d17.13
MinimumVisualStudioVersion = 10.0.40219.1
Project("{FAE04EC0-301F-11D3-BF4B-00C04F79EFBC}") = "TaskManagementAPI", "TaskManagementAPI\TaskManagementAPI.csproj", "{927CEF32-48CE-43DA-B18A-1BF87AAA4E6D}"
EndProject
Global
	GlobalSection(SolutionConfigurationPlatforms) = preSolution
		Debug|Any CPU = Debug|Any CPU
		Release|Any CPU = Release|Any CPU
	EndGlobalSection
	GlobalSection(ProjectConfigurationPlatforms) = postSolution
		{927CEF32-48CE-43DA-B18A-1BF87AAA4E6D}.Debug|Any CPU.ActiveCfg = Debug|Any CPU
		{927CEF32-48CE-43DA-B18A-1BF87AAA4E6D}.Debug|Any CPU.Build.0 = Debug|Any CPU
		{927CEF32-48CE-43DA-B18A-1BF87AAA4E6D}.Release|Any CPU.ActiveCfg = Release|Any CPU
		{927CEF32-48CE-43DA-B18A-1BF87AAA4E6D}.Release|Any CPU.Build.0 = Release|Any CPU
	EndGlobalSection
	GlobalSection(SolutionProperties) = preSolution
		HideSolutionNode = FALSE
	EndGlobalSection
	GlobalSection(ExtensibilityGlobals) = postSolution
		SolutionGuid = {E2EBED67-61CA-4D12-9A3E-BFCBFA2AF467}
	EndGlobalSection
EndGlobal
